
Microsoft Visual Studio Solution File, Format Version 12.00
# Visual Studio Version 16
VisualStudioVersion = 16.0.30204.135
MinimumVisualStudioVersion = 10.0.40219.1
Project("{9A19103F-16F7-4668-BE54-9A1E7A4F7556}") = "PayDel.Data", "PayDel.Data\PayDel.Data.csproj", "{E006AD48-67CD-426A-8BDA-0A981636E643}"
EndProject
Project("{9A19103F-16F7-4668-BE54-9A1E7A4F7556}") = "PayDel.Common", "PayDel.Common\PayDel.Common.csproj", "{C1145330-91B5-4200-B77C-EE10BF0187C3}"
EndProject
Project("{9A19103F-16F7-4668-BE54-9A1E7A4F7556}") = "PayDel.Repo", "PayDel.Repo\PayDel.Repo.csproj", "{78C979B7-0F0B-479F-92AA-7067C01E8D05}"
EndProject
Project("{9A19103F-16F7-4668-BE54-9A1E7A4F7556}") = "PayDel.Services", "PayDel.Services\PayDel.Services.csproj", "{C834EC7F-9244-4C7A-8AC4-F317A5989A30}"
EndProject
Project("{9A19103F-16F7-4668-BE54-9A1E7A4F7556}") = "PayDel.Presentation", "PayDel.Presentation\PayDel.Presentation.csproj", "{4596634F-CC76-443B-AC33-3C53D18BC843}"
EndProject
Project("{9A19103F-16F7-4668-BE54-9A1E7A4F7556}") = "XUTest", "XUTest\XUTest.csproj", "{35330332-20E4-49CA-9955-622C6767E32B}"
EndProject
Project("{9A19103F-16F7-4668-BE54-9A1E7A4F7556}") = "PayDel.IdServer", "PayDel.IdServer\PayDel.IdServer.csproj", "{42498E6A-3496-414A-9CB6-69C9FD1989E8}"
EndProject
Project("{2150E333-8FDC-42A3-9474-1A3956D46DE8}") = "Test", "Test", "{B4D1196C-5947-4C36-B593-781BC45BE401}"
EndProject
Project("{9A19103F-16F7-4668-BE54-9A1E7A4F7556}") = "IdentityTestConsole", "IdentityTestConsole\IdentityTestConsole.csproj", "{9DA8E1F9-E0E2-4BD9-AFDA-EFDCFF887071}"
EndProject
Global
	GlobalSection(SolutionConfigurationPlatforms) = preSolution
		Debug|Any CPU = Debug|Any CPU
		Release|Any CPU = Release|Any CPU
	EndGlobalSection
	GlobalSection(ProjectConfigurationPlatforms) = postSolution
		{E006AD48-67CD-426A-8BDA-0A981636E643}.Debug|Any CPU.ActiveCfg = Debug|Any CPU
		{E006AD48-67CD-426A-8BDA-0A981636E643}.Debug|Any CPU.Build.0 = Debug|Any CPU
		{E006AD48-67CD-426A-8BDA-0A981636E643}.Release|Any CPU.ActiveCfg = Release|Any CPU
		{E006AD48-67CD-426A-8BDA-0A981636E643}.Release|Any CPU.Build.0 = Release|Any CPU
		{C1145330-91B5-4200-B77C-EE10BF0187C3}.Debug|Any CPU.ActiveCfg = Debug|Any CPU
		{C1145330-91B5-4200-B77C-EE10BF0187C3}.Debug|Any CPU.Build.0 = Debug|Any CPU
		{C1145330-91B5-4200-B77C-EE10BF0187C3}.Release|Any CPU.ActiveCfg = Release|Any CPU
		{C1145330-91B5-4200-B77C-EE10BF0187C3}.Release|Any CPU.Build.0 = Release|Any CPU
		{78C979B7-0F0B-479F-92AA-7067C01E8D05}.Debug|Any CPU.ActiveCfg = Debug|Any CPU
		{78C979B7-0F0B-479F-92AA-7067C01E8D05}.Debug|Any CPU.Build.0 = Debug|Any CPU
		{78C979B7-0F0B-479F-92AA-7067C01E8D05}.Release|Any CPU.ActiveCfg = Release|Any CPU
		{78C979B7-0F0B-479F-92AA-7067C01E8D05}.Release|Any CPU.Build.0 = Release|Any CPU
		{C834EC7F-9244-4C7A-8AC4-F317A5989A30}.Debug|Any CPU.ActiveCfg = Debug|Any CPU
		{C834EC7F-9244-4C7A-8AC4-F317A5989A30}.Debug|Any CPU.Build.0 = Debug|Any CPU
		{C834EC7F-9244-4C7A-8AC4-F317A5989A30}.Release|Any CPU.ActiveCfg = Release|Any CPU
		{C834EC7F-9244-4C7A-8AC4-F317A5989A30}.Release|Any CPU.Build.0 = Release|Any CPU
		{4596634F-CC76-443B-AC33-3C53D18BC843}.Debug|Any CPU.ActiveCfg = Debug|Any CPU
		{4596634F-CC76-443B-AC33-3C53D18BC843}.Debug|Any CPU.Build.0 = Debug|Any CPU
		{4596634F-CC76-443B-AC33-3C53D18BC843}.Release|Any CPU.ActiveCfg = Release|Any CPU
		{4596634F-CC76-443B-AC33-3C53D18BC843}.Release|Any CPU.Build.0 = Release|Any CPU
		{35330332-20E4-49CA-9955-622C6767E32B}.Debug|Any CPU.ActiveCfg = Debug|Any CPU
		{35330332-20E4-49CA-9955-622C6767E32B}.Debug|Any CPU.Build.0 = Debug|Any CPU
		{35330332-20E4-49CA-9955-622C6767E32B}.Release|Any CPU.ActiveCfg = Release|Any CPU
		{35330332-20E4-49CA-9955-622C6767E32B}.Release|Any CPU.Build.0 = Release|Any CPU
		{42498E6A-3496-414A-9CB6-69C9FD1989E8}.Debug|Any CPU.ActiveCfg = Debug|Any CPU
		{42498E6A-3496-414A-9CB6-69C9FD1989E8}.Debug|Any CPU.Build.0 = Debug|Any CPU
		{42498E6A-3496-414A-9CB6-69C9FD1989E8}.Release|Any CPU.ActiveCfg = Release|Any CPU
		{42498E6A-3496-414A-9CB6-69C9FD1989E8}.Release|Any CPU.Build.0 = Release|Any CPU
		{9DA8E1F9-E0E2-4BD9-AFDA-EFDCFF887071}.Debug|Any CPU.ActiveCfg = Debug|Any CPU
		{9DA8E1F9-E0E2-4BD9-AFDA-EFDCFF887071}.Debug|Any CPU.Build.0 = Debug|Any CPU
		{9DA8E1F9-E0E2-4BD9-AFDA-EFDCFF887071}.Release|Any CPU.ActiveCfg = Release|Any CPU
		{9DA8E1F9-E0E2-4BD9-AFDA-EFDCFF887071}.Release|Any CPU.Build.0 = Release|Any CPU
	EndGlobalSection
	GlobalSection(SolutionProperties) = preSolution
		HideSolutionNode = FALSE
	EndGlobalSection
	GlobalSection(NestedProjects) = preSolution
		{9DA8E1F9-E0E2-4BD9-AFDA-EFDCFF887071} = {B4D1196C-5947-4C36-B593-781BC45BE401}
	EndGlobalSection
	GlobalSection(ExtensibilityGlobals) = postSolution
		SolutionGuid = {D6154381-FE98-4B71-982E-D12899F5D9A3}
	EndGlobalSection
EndGlobal
